
Microsoft Visual Studio Solution File, Format Version 12.00
# Visual Studio 15
VisualStudioVersion = 15.0.27004.2005
MinimumVisualStudioVersion = 10.0.40219.1
Project("{FAE04EC0-301F-11D3-BF4B-00C04F79EFBC}") = "RandomGeneraattori", "RandomGeneraattori\RandomGeneraattori.csproj", "{ABF6BB95-7544-43E3-B1C8-89FF8958E8B4}"
EndProject
Global
	GlobalSection(SolutionConfigurationPlatforms) = preSolution
		Debug|Any CPU = Debug|Any CPU
		Release|Any CPU = Release|Any CPU
	EndGlobalSection
	GlobalSection(ProjectConfigurationPlatforms) = postSolution
		{ABF6BB95-7544-43E3-B1C8-89FF8958E8B4}.Debug|Any CPU.ActiveCfg = Debug|Any CPU
		{ABF6BB95-7544-43E3-B1C8-89FF8958E8B4}.Debug|Any CPU.Build.0 = Debug|Any CPU
		{ABF6BB95-7544-43E3-B1C8-89FF8958E8B4}.Release|Any CPU.ActiveCfg = Release|Any CPU
		{ABF6BB95-7544-43E3-B1C8-89FF8958E8B4}.Release|Any CPU.Build.0 = Release|Any CPU
	EndGlobalSection
	GlobalSection(SolutionProperties) = preSolution
		HideSolutionNode = FALSE
	EndGlobalSection
	GlobalSection(ExtensibilityGlobals) = postSolution
		SolutionGuid = {1C2613E1-94CC-42A6-9F72-499BFEC674E5}
	EndGlobalSection
EndGlobal
